
Microsoft Visual Studio Solution File, Format Version 12.00
# Visual Studio Version 17
VisualStudioVersion = 17.0.31912.275
MinimumVisualStudioVersion = 10.0.40219.1
Project("{FAE04EC0-301F-11D3-BF4B-00C04F79EFBC}") = "Count of odd numbers n and m", "Count of odd numbers n and m\Count of odd numbers n and m.csproj", "{50BB5367-7555-45FA-95B6-E438D2CDC7AD}"
EndProject
Global
	GlobalSection(SolutionConfigurationPlatforms) = preSolution
		Debug|Any CPU = Debug|Any CPU
		Release|Any CPU = Release|Any CPU
	EndGlobalSection
	GlobalSection(ProjectConfigurationPlatforms) = postSolution
		{50BB5367-7555-45FA-95B6-E438D2CDC7AD}.Debug|Any CPU.ActiveCfg = Debug|Any CPU
		{50BB5367-7555-45FA-95B6-E438D2CDC7AD}.Debug|Any CPU.Build.0 = Debug|Any CPU
		{50BB5367-7555-45FA-95B6-E438D2CDC7AD}.Release|Any CPU.ActiveCfg = Release|Any CPU
		{50BB5367-7555-45FA-95B6-E438D2CDC7AD}.Release|Any CPU.Build.0 = Release|Any CPU
	EndGlobalSection
	GlobalSection(SolutionProperties) = preSolution
		HideSolutionNode = FALSE
	EndGlobalSection
	GlobalSection(ExtensibilityGlobals) = postSolution
		SolutionGuid = {6EA3C801-A5A6-4E8E-B8F6-B0C5C27EEEE6}
	EndGlobalSection
EndGlobal
